
Microsoft Visual Studio Solution File, Format Version 12.00
# Visual Studio Version 16
VisualStudioVersion = 16.0.31321.278
MinimumVisualStudioVersion = 10.0.40219.1
Project("{9A19103F-16F7-4668-BE54-9A1E7A4F7556}") = "MicrocopNalogaV2", "MicrocopNalogaV2\MicrocopNalogaV2.csproj", "{D341F158-AA49-40C5-AC93-72699BC54926}"
EndProject
Project("{FAE04EC0-301F-11D3-BF4B-00C04F79EFBC}") = "MicrocopNalogaV2.Models", "MicrocopNalogaV2.Data\MicrocopNalogaV2.Models.csproj", "{0ECC2119-02F6-4368-AD4A-14CFEA2302BE}"
EndProject
Project("{FAE04EC0-301F-11D3-BF4B-00C04F79EFBC}") = "MicrocopNalogaV2.Services", "MicrocopNalogaV2.Services\MicrocopNalogaV2.Services.csproj", "{2F441BF1-C8A4-45E5-B352-22E88DDE41A0}"
EndProject
Global
	GlobalSection(SolutionConfigurationPlatforms) = preSolution
		Debug|Any CPU = Debug|Any CPU
		Release|Any CPU = Release|Any CPU
	EndGlobalSection
	GlobalSection(ProjectConfigurationPlatforms) = postSolution
		{D341F158-AA49-40C5-AC93-72699BC54926}.Debug|Any CPU.ActiveCfg = Debug|Any CPU
		{D341F158-AA49-40C5-AC93-72699BC54926}.Debug|Any CPU.Build.0 = Debug|Any CPU
		{D341F158-AA49-40C5-AC93-72699BC54926}.Release|Any CPU.ActiveCfg = Release|Any CPU
		{D341F158-AA49-40C5-AC93-72699BC54926}.Release|Any CPU.Build.0 = Release|Any CPU
		{0ECC2119-02F6-4368-AD4A-14CFEA2302BE}.Debug|Any CPU.ActiveCfg = Debug|Any CPU
		{0ECC2119-02F6-4368-AD4A-14CFEA2302BE}.Debug|Any CPU.Build.0 = Debug|Any CPU
		{0ECC2119-02F6-4368-AD4A-14CFEA2302BE}.Release|Any CPU.ActiveCfg = Release|Any CPU
		{0ECC2119-02F6-4368-AD4A-14CFEA2302BE}.Release|Any CPU.Build.0 = Release|Any CPU
		{2F441BF1-C8A4-45E5-B352-22E88DDE41A0}.Debug|Any CPU.ActiveCfg = Debug|Any CPU
		{2F441BF1-C8A4-45E5-B352-22E88DDE41A0}.Debug|Any CPU.Build.0 = Debug|Any CPU
		{2F441BF1-C8A4-45E5-B352-22E88DDE41A0}.Release|Any CPU.ActiveCfg = Release|Any CPU
		{2F441BF1-C8A4-45E5-B352-22E88DDE41A0}.Release|Any CPU.Build.0 = Release|Any CPU
	EndGlobalSection
	GlobalSection(SolutionProperties) = preSolution
		HideSolutionNode = FALSE
	EndGlobalSection
	GlobalSection(ExtensibilityGlobals) = postSolution
		SolutionGuid = {5E2AE389-6B63-412A-AAA0-11910D230E38}
	EndGlobalSection
EndGlobal
